
Microsoft Visual Studio Solution File, Format Version 12.00
# Visual Studio Version 17
VisualStudioVersion = 17.2.32616.157
MinimumVisualStudioVersion = 10.0.40219.1
Project("{FAE04EC0-301F-11D3-BF4B-00C04F79EFBC}") = "E-Commerce-2022.Arganaraz-Romero", "E-Commerce-2022.Arganaraz-Romero.csproj", "{5DBAB296-92B8-4BA7-8750-EBBAF0F8E7C0}"
EndProject
Global
	GlobalSection(SolutionConfigurationPlatforms) = preSolution
		Debug|Any CPU = Debug|Any CPU
		Release|Any CPU = Release|Any CPU
	EndGlobalSection
	GlobalSection(ProjectConfigurationPlatforms) = postSolution
		{5DBAB296-92B8-4BA7-8750-EBBAF0F8E7C0}.Debug|Any CPU.ActiveCfg = Debug|Any CPU
		{5DBAB296-92B8-4BA7-8750-EBBAF0F8E7C0}.Debug|Any CPU.Build.0 = Debug|Any CPU
		{5DBAB296-92B8-4BA7-8750-EBBAF0F8E7C0}.Release|Any CPU.ActiveCfg = Release|Any CPU
		{5DBAB296-92B8-4BA7-8750-EBBAF0F8E7C0}.Release|Any CPU.Build.0 = Release|Any CPU
	EndGlobalSection
	GlobalSection(SolutionProperties) = preSolution
		HideSolutionNode = FALSE
	EndGlobalSection
	GlobalSection(ExtensibilityGlobals) = postSolution
		SolutionGuid = {B3EA6002-167E-4CCB-8AA8-001B11871C4F}
	EndGlobalSection
EndGlobal
