
Microsoft Visual Studio Solution File, Format Version 12.00
# Visual Studio Version 17
VisualStudioVersion = 17.2.32516.85
MinimumVisualStudioVersion = 10.0.40219.1
Project("{FAE04EC0-301F-11D3-BF4B-00C04F79EFBC}") = "AppWeb", "AppWeb\AppWeb.csproj", "{D80F0B72-B9A4-4D82-84AE-998851B52CFE}"
EndProject
Global
	GlobalSection(SolutionConfigurationPlatforms) = preSolution
		Debug|Any CPU = Debug|Any CPU
		Release|Any CPU = Release|Any CPU
	EndGlobalSection
	GlobalSection(ProjectConfigurationPlatforms) = postSolution
		{D80F0B72-B9A4-4D82-84AE-998851B52CFE}.Debug|Any CPU.ActiveCfg = Debug|Any CPU
		{D80F0B72-B9A4-4D82-84AE-998851B52CFE}.Debug|Any CPU.Build.0 = Debug|Any CPU
		{D80F0B72-B9A4-4D82-84AE-998851B52CFE}.Release|Any CPU.ActiveCfg = Release|Any CPU
		{D80F0B72-B9A4-4D82-84AE-998851B52CFE}.Release|Any CPU.Build.0 = Release|Any CPU
	EndGlobalSection
	GlobalSection(SolutionProperties) = preSolution
		HideSolutionNode = FALSE
	EndGlobalSection
	GlobalSection(ExtensibilityGlobals) = postSolution
		SolutionGuid = {BE0773B5-A4EC-48FA-93E6-4C0A71CBF263}
	EndGlobalSection
EndGlobal
